
Microsoft Visual Studio Solution File, Format Version 12.00
# Visual Studio 15
VisualStudioVersion = 15.0.28307.779
MinimumVisualStudioVersion = 10.0.40219.1
Project("{FAE04EC0-301F-11D3-BF4B-00C04F79EFBC}") = "Decorator", "Decorator\Decorator.csproj", "{EA2ABF66-2EE0-4675-B47D-3E72CBA256D3}"
EndProject
Project("{FAE04EC0-301F-11D3-BF4B-00C04F79EFBC}") = "Proxy", "Proxy\Proxy.csproj", "{C8C37546-43E2-4414-AE73-43496F09F6B2}"
EndProject
Global
	GlobalSection(SolutionConfigurationPlatforms) = preSolution
		Debug|Any CPU = Debug|Any CPU
		Release|Any CPU = Release|Any CPU
	EndGlobalSection
	GlobalSection(ProjectConfigurationPlatforms) = postSolution
		{EA2ABF66-2EE0-4675-B47D-3E72CBA256D3}.Debug|Any CPU.ActiveCfg = Debug|Any CPU
		{EA2ABF66-2EE0-4675-B47D-3E72CBA256D3}.Debug|Any CPU.Build.0 = Debug|Any CPU
		{EA2ABF66-2EE0-4675-B47D-3E72CBA256D3}.Release|Any CPU.ActiveCfg = Release|Any CPU
		{EA2ABF66-2EE0-4675-B47D-3E72CBA256D3}.Release|Any CPU.Build.0 = Release|Any CPU
		{C8C37546-43E2-4414-AE73-43496F09F6B2}.Debug|Any CPU.ActiveCfg = Debug|Any CPU
		{C8C37546-43E2-4414-AE73-43496F09F6B2}.Debug|Any CPU.Build.0 = Debug|Any CPU
		{C8C37546-43E2-4414-AE73-43496F09F6B2}.Release|Any CPU.ActiveCfg = Release|Any CPU
		{C8C37546-43E2-4414-AE73-43496F09F6B2}.Release|Any CPU.Build.0 = Release|Any CPU
	EndGlobalSection
	GlobalSection(SolutionProperties) = preSolution
		HideSolutionNode = FALSE
	EndGlobalSection
	GlobalSection(ExtensibilityGlobals) = postSolution
		SolutionGuid = {73C0C6E7-DB77-4DEF-B917-3DA5AACA319A}
	EndGlobalSection
EndGlobal
